github.com/andlabs/ui v0.0.0-20200610043537-70a69d6ae31e h1:wSQCJiig/QkoUnpvelSPbLiZNWvh2yMqQTQvIQqSUkU=
github.com/andlabs/ui v0.0.0-20200610043537-70a69d6ae31e/go.mod h1:5G2EjwzgZUPnnReoKvPWVneT8APYbyKkihDVAHUi0II=
github.com/mattn/go-sqlite3 v1.14.14 h1:qZgc/Rwetq+MtyE18WhzjokPD93dNqLGNT3QJuLvBGw=
github.com/mattn/go-sqlite3 v1.14.14/go.mod h1:NyWgC/yNuGj7Q9rpYnZvas74GogHl5/Z4A/KQRfk6bU=
github.com/yomidevs/jmdict-go v0.0.0-20230321060422-fa8f5d54f364 h1:JSSM5osTN5FCoj7uErWoMVY+IbDh+OG0aRJnKsxgngc=
github.com/yomidevs/jmdict-go v0.0.0-20230321060422-fa8f5d54f364/go.mod h1:M9O+lJXOwrOqpN4VUv8Qkn1gsZ/SZaSAiF7nj0m1NZk=
github.com/yomidevs/zero-epwing-go v0.0.0-20230320143722-0af367763d6c h1:32GHNc47Ff2l+zkixRhK2Q4GqosXI4D5w0PjDNMAo68=
github.com/yomidevs/zero-epwing-go v0.0.0-20230320143722-0af367763d6c/go.mod h1:O6+Fn5z4McOG0I8tS1X2HqYx9n0KPW1KQccYyoXzSR4=
golang.org/x/exp v0.0.0-20221207211629-99ab8fa1c11f h1:90Jq/vvGVDsqj8QqCynjFw9MCerDguSMODLYII416Y8=
golang.org/x/exp v0.0.0-20221207211629-99ab8fa1c11f/go.mod h1:CxIveKay+FTh1D0yPZemJVgC/95VzuuOLq5Qi4xnoYc=
golang.org/x/text v0.3.7 h1:olpwvP2KacW1ZWvsR7uQhoyTYvKAupfQrRGBFM352Gk=
golang.org/x/text v0.3.7/go.mod h1:u+2+/6zg+i71rQMx5EYifcz6MCKuco9NR6JIITiCfzQ=
